
Microsoft Visual Studio Solution File, Format Version 12.00
# Visual Studio Version 17
VisualStudioVersion = 17.7.34018.315
MinimumVisualStudioVersion = 10.0.40219.1
Project("{FAE04EC0-301F-11D3-BF4B-00C04F79EFBC}") = "photobooth", "photobooth\photobooth.csproj", "{E57EFFC2-DFF1-45FD-8987-E153F78DB224}"
EndProject
Global
	GlobalSection(SolutionConfigurationPlatforms) = preSolution
		Debug|Any CPU = Debug|Any CPU
		Release|Any CPU = Release|Any CPU
	EndGlobalSection
	GlobalSection(ProjectConfigurationPlatforms) = postSolution
		{E57EFFC2-DFF1-45FD-8987-E153F78DB224}.Debug|Any CPU.ActiveCfg = Debug|Any CPU
		{E57EFFC2-DFF1-45FD-8987-E153F78DB224}.Debug|Any CPU.Build.0 = Debug|Any CPU
		{E57EFFC2-DFF1-45FD-8987-E153F78DB224}.Release|Any CPU.ActiveCfg = Release|Any CPU
		{E57EFFC2-DFF1-45FD-8987-E153F78DB224}.Release|Any CPU.Build.0 = Release|Any CPU
	EndGlobalSection
	GlobalSection(SolutionProperties) = preSolution
		HideSolutionNode = FALSE
	EndGlobalSection
	GlobalSection(ExtensibilityGlobals) = postSolution
		SolutionGuid = {B3646706-A16D-4038-BFD9-43915C954FD4}
	EndGlobalSection
EndGlobal
